# This file is autogenerated, do not edit; changes may be undone by the next 'dep ensure'.


[[projects]]
  digest = "1:56c130d885a4aacae1dd9c7b71cfe39912c7ebc1ff7d2b46083c8812996dc43b"
  name = "github.com/davecgh/go-spew"
  packages = ["spew"]
  pruneopts = ""
  revision = "346938d642f2ec3594ed81d874461961cd0faa76"
  version = "v1.1.0"

[[projects]]
  digest = "1:deeb6536ebbcb66ab11213ecfaac9daadfcd004dd057446a4980ffd6c15c36e2"
  name = "github.com/julienschmidt/httprouter"
  packages = ["."]
  pruneopts = ""
  revision = "348b672cd90d8190f8240323e372ecd1e66b59dc"
  version = "v1.2.0"

[[projects]]
  digest = "1:4baf03221e12922dc224a470f9e1a36d8c7564af81fd6427924383232d92b20c"
  name = "github.com/lib/pq"
  packages = [
    ".",
    "oid",
    "scram",
  ]
  pruneopts = ""
  revision = "2ff3cb3adc01768e0a552b3a02575a6df38a9bea"

[[projects]]
  digest = "1:1d7e1867c49a6dd9856598ef7c3123604ea3daabf5b83f303ff457bcbc410b1d"
  name = "github.com/pkg/errors"
  packages = ["."]
  pruneopts = ""
  revision = "ba968bfe8b2f7e042a574c888954fccecfa385b4"
  version = "v0.8.1"

[[projects]]
  digest = "1:256484dbbcd271f9ecebc6795b2df8cad4c458dd0f5fd82a8c2fa0c29f233411"
  name = "github.com/pmezard/go-difflib"
  packages = ["difflib"]
  pruneopts = ""
  revision = "792786c7400a136282c1664665ae0a8db921c6c2"
  version = "v1.0.0"

[[projects]]
  digest = "1:ddf40105c72a108e872eb00e9ae39043303e067faa8002de2eb2ae78e1addacf"
  name = "github.com/smotes/purse"
  packages = ["."]
  pruneopts = ""
  revision = "9ce9ed34191cbabb61a4dd1d5623e69a3b95cdda"
  version = "v1.0.1"

[[projects]]
  digest = "1:381bcbeb112a51493d9d998bbba207a529c73dbb49b3fd789e48c63fac1f192c"
  name = "github.com/stretchr/testify"
  packages = [
    "assert",
    "require",
    "suite",
  ]
  pruneopts = ""
  revision = "ffdc059bfe9ce6a4e144ba849dbedead332c6053"
  version = "v1.3.0"

[[projects]]
  branch = "master"
  digest = "1:7018a5a58e70aa4f14651e0d6422ac5417a13c56d4176d1234831a7923159361"
  name = "github.com/wikisophia/go-environment-configs"
  packages = ["."]
  pruneopts = ""
  revision = "58432a6545649fe66998a6be95d9e0deabdb9ffa"

[solve-meta]
  analyzer-name = "dep"
  analyzer-version = 1
  input-imports = [
    "github.com/julienschmidt/httprouter",
    "github.com/lib/pq",
    "github.com/pkg/errors",
    "github.com/smotes/purse",
    "github.com/stretchr/testify/assert",
    "github.com/stretchr/testify/suite",
    "github.com/wikisophia/go-environment-configs",
  ]
  solver-name = "gps-cdcl"
  solver-version = 1
